
Microsoft Visual Studio Solution File, Format Version 12.00
# Visual Studio Version 16
VisualStudioVersion = 16.0.30114.105
MinimumVisualStudioVersion = 10.0.40219.1
Project("{FAE04EC0-301F-11D3-BF4B-00C04F79EFBC}") = "Simulator", "Simulator\Simulator.csproj", "{E48FB7A2-0385-4A7D-976F-D20915FED520}"
EndProject
Project("{FAE04EC0-301F-11D3-BF4B-00C04F79EFBC}") = "Simulator.Tests", "Simulator.Tests\Simulator.Tests.csproj", "{08997321-8DAA-4173-B337-D1FB744DC3F8}"
EndProject
Project("{FAE04EC0-301F-11D3-BF4B-00C04F79EFBC}") = "Utilities", "Utilities\Utilities.csproj", "{2F9EED7A-1BFA-4381-8EE4-75E96D63D79E}"
EndProject
Global
	GlobalSection(SolutionConfigurationPlatforms) = preSolution
		Debug|Any CPU = Debug|Any CPU
		Debug|x64 = Debug|x64
		Debug|x86 = Debug|x86
		Release|Any CPU = Release|Any CPU
		Release|x64 = Release|x64
		Release|x86 = Release|x86
	EndGlobalSection
	GlobalSection(SolutionProperties) = preSolution
		HideSolutionNode = FALSE
	EndGlobalSection
	GlobalSection(ProjectConfigurationPlatforms) = postSolution
		{E48FB7A2-0385-4A7D-976F-D20915FED520}.Debug|Any CPU.ActiveCfg = Debug|Any CPU
		{E48FB7A2-0385-4A7D-976F-D20915FED520}.Debug|Any CPU.Build.0 = Debug|Any CPU
		{E48FB7A2-0385-4A7D-976F-D20915FED520}.Debug|x64.ActiveCfg = Debug|Any CPU
		{E48FB7A2-0385-4A7D-976F-D20915FED520}.Debug|x64.Build.0 = Debug|Any CPU
		{E48FB7A2-0385-4A7D-976F-D20915FED520}.Debug|x86.ActiveCfg = Debug|Any CPU
		{E48FB7A2-0385-4A7D-976F-D20915FED520}.Debug|x86.Build.0 = Debug|Any CPU
		{E48FB7A2-0385-4A7D-976F-D20915FED520}.Release|Any CPU.ActiveCfg = Release|Any CPU
		{E48FB7A2-0385-4A7D-976F-D20915FED520}.Release|Any CPU.Build.0 = Release|Any CPU
		{E48FB7A2-0385-4A7D-976F-D20915FED520}.Release|x64.ActiveCfg = Release|Any CPU
		{E48FB7A2-0385-4A7D-976F-D20915FED520}.Release|x64.Build.0 = Release|Any CPU
		{E48FB7A2-0385-4A7D-976F-D20915FED520}.Release|x86.ActiveCfg = Release|Any CPU
		{E48FB7A2-0385-4A7D-976F-D20915FED520}.Release|x86.Build.0 = Release|Any CPU
		{08997321-8DAA-4173-B337-D1FB744DC3F8}.Debug|Any CPU.ActiveCfg = Debug|Any CPU
		{08997321-8DAA-4173-B337-D1FB744DC3F8}.Debug|Any CPU.Build.0 = Debug|Any CPU
		{08997321-8DAA-4173-B337-D1FB744DC3F8}.Debug|x64.ActiveCfg = Debug|Any CPU
		{08997321-8DAA-4173-B337-D1FB744DC3F8}.Debug|x64.Build.0 = Debug|Any CPU
		{08997321-8DAA-4173-B337-D1FB744DC3F8}.Debug|x86.ActiveCfg = Debug|Any CPU
		{08997321-8DAA-4173-B337-D1FB744DC3F8}.Debug|x86.Build.0 = Debug|Any CPU
		{08997321-8DAA-4173-B337-D1FB744DC3F8}.Release|Any CPU.ActiveCfg = Release|Any CPU
		{08997321-8DAA-4173-B337-D1FB744DC3F8}.Release|Any CPU.Build.0 = Release|Any CPU
		{08997321-8DAA-4173-B337-D1FB744DC3F8}.Release|x64.ActiveCfg = Release|Any CPU
		{08997321-8DAA-4173-B337-D1FB744DC3F8}.Release|x64.Build.0 = Release|Any CPU
		{08997321-8DAA-4173-B337-D1FB744DC3F8}.Release|x86.ActiveCfg = Release|Any CPU
		{08997321-8DAA-4173-B337-D1FB744DC3F8}.Release|x86.Build.0 = Release|Any CPU
		{2F9EED7A-1BFA-4381-8EE4-75E96D63D79E}.Debug|Any CPU.ActiveCfg = Debug|Any CPU
		{2F9EED7A-1BFA-4381-8EE4-75E96D63D79E}.Debug|Any CPU.Build.0 = Debug|Any CPU
		{2F9EED7A-1BFA-4381-8EE4-75E96D63D79E}.Debug|x64.ActiveCfg = Debug|Any CPU
		{2F9EED7A-1BFA-4381-8EE4-75E96D63D79E}.Debug|x64.Build.0 = Debug|Any CPU
		{2F9EED7A-1BFA-4381-8EE4-75E96D63D79E}.Debug|x86.ActiveCfg = Debug|Any CPU
		{2F9EED7A-1BFA-4381-8EE4-75E96D63D79E}.Debug|x86.Build.0 = Debug|Any CPU
		{2F9EED7A-1BFA-4381-8EE4-75E96D63D79E}.Release|Any CPU.ActiveCfg = Release|Any CPU
		{2F9EED7A-1BFA-4381-8EE4-75E96D63D79E}.Release|Any CPU.Build.0 = Release|Any CPU
		{2F9EED7A-1BFA-4381-8EE4-75E96D63D79E}.Release|x64.ActiveCfg = Release|Any CPU
		{2F9EED7A-1BFA-4381-8EE4-75E96D63D79E}.Release|x64.Build.0 = Release|Any CPU
		{2F9EED7A-1BFA-4381-8EE4-75E96D63D79E}.Release|x86.ActiveCfg = Release|Any CPU
		{2F9EED7A-1BFA-4381-8EE4-75E96D63D79E}.Release|x86.Build.0 = Release|Any CPU
	EndGlobalSection
EndGlobal
